
Microsoft Visual Studio Solution File, Format Version 12.00
# Visual Studio Version 17
VisualStudioVersion = 17.14.37710.0 d17.14
MinimumVisualStudioVersion = 10.0.40219.1
Project("{FAE04EC0-301F-11D3-BF4B-00C04F79EFBC}") = "conversor_moeda", "conversor_moeda.csproj", "{14BDE02E-0F8C-4EBA-AD56-DAF8891D57AB}"
EndProject
Global
	GlobalSection(SolutionConfigurationPlatforms) = preSolution
		Debug|Any CPU = Debug|Any CPU
		Release|Any CPU = Release|Any CPU
	EndGlobalSection
	GlobalSection(ProjectConfigurationPlatforms) = postSolution
		{14BDE02E-0F8C-4EBA-AD56-DAF8891D57AB}.Debug|Any CPU.ActiveCfg = Debug|Any CPU
		{14BDE02E-0F8C-4EBA-AD56-DAF8891D57AB}.Debug|Any CPU.Build.0 = Debug|Any CPU
		{14BDE02E-0F8C-4EBA-AD56-DAF8891D57AB}.Release|Any CPU.ActiveCfg = Release|Any CPU
		{14BDE02E-0F8C-4EBA-AD56-DAF8891D57AB}.Release|Any CPU.Build.0 = Release|Any CPU
	EndGlobalSection
	GlobalSection(SolutionProperties) = preSolution
		HideSolutionNode = FALSE
	EndGlobalSection
	GlobalSection(ExtensibilityGlobals) = postSolution
		SolutionGuid = {1D2B855C-A463-4E2C-B46E-9AE8580C09F1}
	EndGlobalSection
EndGlobal
