
Microsoft Visual Studio Solution File, Format Version 12.00
# Visual Studio Version 17
VisualStudioVersion = 17.14.37710.0 d17.14
MinimumVisualStudioVersion = 10.0.40219.1
Project("{FAE04EC0-301F-11D3-BF4B-00C04F79EFBC}") = "exercicio_001", "exercicio_001.csproj", "{C54282C4-A62A-44F0-AAB2-AED4D05616F9}"
EndProject
Global
	GlobalSection(SolutionConfigurationPlatforms) = preSolution
		Debug|Any CPU = Debug|Any CPU
		Release|Any CPU = Release|Any CPU
	EndGlobalSection
	GlobalSection(ProjectConfigurationPlatforms) = postSolution
		{C54282C4-A62A-44F0-AAB2-AED4D05616F9}.Debug|Any CPU.ActiveCfg = Debug|Any CPU
		{C54282C4-A62A-44F0-AAB2-AED4D05616F9}.Debug|Any CPU.Build.0 = Debug|Any CPU
		{C54282C4-A62A-44F0-AAB2-AED4D05616F9}.Release|Any CPU.ActiveCfg = Release|Any CPU
		{C54282C4-A62A-44F0-AAB2-AED4D05616F9}.Release|Any CPU.Build.0 = Release|Any CPU
	EndGlobalSection
	GlobalSection(SolutionProperties) = preSolution
		HideSolutionNode = FALSE
	EndGlobalSection
	GlobalSection(ExtensibilityGlobals) = postSolution
		SolutionGuid = {D4B9800B-A0AE-4E77-98D5-F7FAE6F2369B}
	EndGlobalSection
EndGlobal
